// !$*UTF8*$!
{
	archiveVersion = 1;
	classes = {
	};
	objectVersion = 48;
	objects = {

/* Begin PBXBuildFile section */
		B43F4C53B37A18B5C8EA05B4 /* Pods_NearMe.framework in Frameworks */ = {isa = PBXBuildFile; fileRef = 08BA8EAB9A8439B03378A0DD /* Pods_NearMe.framework */; };
		CE78DE02204B022900609525 /* Constants.swift in Sources */ = {isa = PBXBuildFile; fileRef = CE78DE01204B022900609525 /* Constants.swift */; };
		CE78DE04204B0A3200609525 /* PlaceTableViewCell.swift in Sources */ = {isa = PBXBuildFile; fileRef = CE78DE03204B0A3200609525 /* PlaceTableViewCell.swift */; };
		CEA34C14204E64F200C16AD5 /* NetworkManager.swift in Sources */ = {isa = PBXBuildFile; fileRef = CEA34C13204E64F200C16AD5 /* NetworkManager.swift */; };
		CEA34C16204E650000C16AD5 /* LocationManager.swift in Sources */ = {isa = PBXBuildFile; fileRef = CEA34C15204E650000C16AD5 /* LocationManager.swift */; };
		CEA34C18204E650D00C16AD5 /* Facade.swift in Sources */ = {isa = PBXBuildFile; fileRef = CEA34C17204E650D00C16AD5 /* Facade.swift */; };
		CEB77616204AD13900D9BA2B /* AppDelegate.swift in Sources */ = {isa = PBXBuildFile; fileRef = CEB77615204AD13900D9BA2B /* AppDelegate.swift */; };
		CEB77618204AD13900D9BA2B /* PlacesNearMeViewController.swift in Sources */ = {isa = PBXBuildFile; fileRef = CEB77617204AD13900D9BA2B /* PlacesNearMeViewController.swift */; };
		CEB7761A204AD13900D9BA2B /* PlaceOnMapViewController.swift in Sources */ = {isa = PBXBuildFile; fileRef = CEB77619204AD13900D9BA2B /* PlaceOnMapViewController.swift */; };
		CEB7761D204AD13900D9BA2B /* Main.storyboard in Resources */ = {isa = PBXBuildFile; fileRef = CEB7761B204AD13900D9BA2B /* Main.storyboard */; };
		CEB7761F204AD13900D9BA2B /* Assets.xcassets in Resources */ = {isa = PBXBuildFile; fileRef = CEB7761E204AD13900D9BA2B /* Assets.xcassets */; };
		CEB77622204AD13900D9BA2B /* LaunchScreen.storyboard in Resources */ = {isa = PBXBuildFile; fileRef = CEB77620204AD13900D9BA2B /* LaunchScreen.storyboard */; };
		CEB77630204AD57200D9BA2B /* Place.swift in Sources */ = {isa = PBXBuildFile; fileRef = CEB7762F204AD57200D9BA2B /* Place.swift */; };
/* End PBXBuildFile section */

/* Begin PBXFileReference section */
		08BA8EAB9A8439B03378A0DD /* Pods_NearMe.framework */ = {isa = PBXFileReference; explicitFileType = wrapper.framework; includeInIndex = 0; path = Pods_NearMe.framework; sourceTree = BUILT_PRODUCTS_DIR; };
		4795CA17911E209FC274A156 /* Pods-NearMe.release.xcconfig */ = {isa = PBXFileReference; includeInIndex = 1; lastKnownFileType = text.xcconfig; name = "Pods-NearMe.release.xcconfig"; path = "Pods/Target Support Files/Pods-NearMe/Pods-NearMe.release.xcconfig"; sourceTree = "<group>"; };
		CE78DE01204B022900609525 /* Constants.swift */ = {isa = PBXFileReference; lastKnownFileType = sourcecode.swift; path = Constants.swift; sourceTree = "<group>"; };
		CE78DE03204B0A3200609525 /* PlaceTableViewCell.swift */ = {isa = PBXFileReference; lastKnownFileType = sourcecode.swift; path = PlaceTableViewCell.swift; sourceTree = "<group>"; };
		CEA34C13204E64F200C16AD5 /* NetworkManager.swift */ = {isa = PBXFileReference; lastKnownFileType = sourcecode.swift; path = NetworkManager.swift; sourceTree = "<group>"; };
		CEA34C15204E650000C16AD5 /* LocationManager.swift */ = {isa = PBXFileReference; lastKnownFileType = sourcecode.swift; path = LocationManager.swift; sourceTree = "<group>"; };
		CEA34C17204E650D00C16AD5 /* Facade.swift */ = {isa = PBXFileReference; lastKnownFileType = sourcecode.swift; path = Facade.swift; sourceTree = "<group>"; };
		CEB77612204AD13900D9BA2B /* NearMe.app */ = {isa = PBXFileReference; explicitFileType = wrapper.application; includeInIndex = 0; path = NearMe.app; sourceTree = BUILT_PRODUCTS_DIR; };
		CEB77615204AD13900D9BA2B /* AppDelegate.swift */ = {isa = PBXFileReference; lastKnownFileType = sourcecode.swift; path = AppDelegate.swift; sourceTree = "<group>"; };
		CEB77617204AD13900D9BA2B /* PlacesNearMeViewController.swift */ = {isa = PBXFileReference; lastKnownFileType = sourcecode.swift; path = PlacesNearMeViewController.swift; sourceTree = "<group>"; };
		CEB77619204AD13900D9BA2B /* PlaceOnMapViewController.swift */ = {isa = PBXFileReference; lastKnownFileType = sourcecode.swift; path = PlaceOnMapViewController.swift; sourceTree = "<group>"; };
		CEB7761C204AD13900D9BA2B /* Base */ = {isa = PBXFileReference; lastKnownFileType = file.storyboard; name = Base; path = Base.lproj/Main.storyboard; sourceTree = "<group>"; };
		CEB7761E204AD13900D9BA2B /* Assets.xcassets */ = {isa = PBXFileReference; lastKnownFileType = folder.assetcatalog; path = Assets.xcassets; sourceTree = "<group>"; };
		CEB77621204AD13900D9BA2B /* Base */ = {isa = PBXFileReference; lastKnownFileType = file.storyboard; name = Base; path = Base.lproj/LaunchScreen.storyboard; sourceTree = "<group>"; };
		CEB77623204AD13900D9BA2B /* Info.plist */ = {isa = PBXFileReference; lastKnownFileType = text.plist.xml; path = Info.plist; sourceTree = "<group>"; };
		CEB7762F204AD57200D9BA2B /* Place.swift */ = {isa = PBXFileReference; lastKnownFileType = sourcecode.swift; path = Place.swift; sourceTree = "<group>"; };
		FF9C91EE69A7992E8C96EA1D /* Pods-NearMe.debug.xcconfig */ = {isa = PBXFileReference; includeInIndex = 1; lastKnownFileType = text.xcconfig; name = "Pods-NearMe.debug.xcconfig"; path = "Pods/Target Support Files/Pods-NearMe/Pods-NearMe.debug.xcconfig"; sourceTree = "<group>"; };
/* End PBXFileReference section */

/* Begin PBXFrameworksBuildPhase section */
		CEB7760F204AD13900D9BA2B /* Frameworks */ = {
			isa = PBXFrameworksBuildPhase;
			buildActionMask = 2147483647;
			files = (
				B43F4C53B37A18B5C8EA05B4 /* Pods_NearMe.framework in Frameworks */,
			);
			runOnlyForDeploymentPostprocessing = 0;
		};
/* End PBXFrameworksBuildPhase section */

/* Begin PBXGroup section */
		2B162893EE1069DA173EFC16 /* Frameworks */ = {
			isa = PBXGroup;
			children = (
				08BA8EAB9A8439B03378A0DD /* Pods_NearMe.framework */,
			);
			name = Frameworks;
			sourceTree = "<group>";
		};
		CE78DE00204B016800609525 /* Recources */ = {
			isa = PBXGroup;
			children = (
				CE78DE01204B022900609525 /* Constants.swift */,
			);
			path = Recources;
			sourceTree = "<group>";
		};
		CEA34C12204E648100C16AD5 /* Business */ = {
			isa = PBXGroup;
			children = (
				CEA34C17204E650D00C16AD5 /* Facade.swift */,
				CEA34C13204E64F200C16AD5 /* NetworkManager.swift */,
				CEA34C15204E650000C16AD5 /* LocationManager.swift */,
			);
			path = Business;
			sourceTree = "<group>";
		};
		CEB77609204AD13800D9BA2B = {
			isa = PBXGroup;
			children = (
				CEB77614204AD13900D9BA2B /* NearMe */,
				CEB77613204AD13900D9BA2B /* Products */,
				D7DD4CBE73624DD3FC0A9E33 /* Pods */,
				2B162893EE1069DA173EFC16 /* Frameworks */,
			);
			sourceTree = "<group>";
		};
		CEB77613204AD13900D9BA2B /* Products */ = {
			isa = PBXGroup;
			children = (
				CEB77612204AD13900D9BA2B /* NearMe.app */,
			);
			name = Products;
			sourceTree = "<group>";
		};
		CEB77614204AD13900D9BA2B /* NearMe */ = {
			isa = PBXGroup;
			children = (
				CEA34C12204E648100C16AD5 /* Business */,
				CEB7762D204AD4F500D9BA2B /* UI */,
				CEB7762E204AD50200D9BA2B /* Model */,
				CE78DE00204B016800609525 /* Recources */,
				CEB7762C204AD4DD00D9BA2B /* Storyboard */,
				CEB77629204AD15600D9BA2B /* Supporting Files */,
			);
			path = NearMe;
			sourceTree = "<group>";
		};
		CEB77629204AD15600D9BA2B /* Supporting Files */ = {
			isa = PBXGroup;
			children = (
				CEB77615204AD13900D9BA2B /* AppDelegate.swift */,
				CEB7761E204AD13900D9BA2B /* Assets.xcassets */,
				CEB77620204AD13900D9BA2B /* LaunchScreen.storyboard */,
				CEB77623204AD13900D9BA2B /* Info.plist */,
			);
			path = "Supporting Files";
			sourceTree = "<group>";
		};
		CEB7762C204AD4DD00D9BA2B /* Storyboard */ = {
			isa = PBXGroup;
			children = (
				CEB7761B204AD13900D9BA2B /* Main.storyboard */,
			);
			path = Storyboard;
			sourceTree = "<group>";
		};
		CEB7762D204AD4F500D9BA2B /* UI */ = {
			isa = PBXGroup;
			children = (
				CEB77617204AD13900D9BA2B /* PlacesNearMeViewController.swift */,
				CEB77619204AD13900D9BA2B /* PlaceOnMapViewController.swift */,
				CE78DE03204B0A3200609525 /* PlaceTableViewCell.swift */,
			);
			path = UI;
			sourceTree = "<group>";
		};
		CEB7762E204AD50200D9BA2B /* Model */ = {
			isa = PBXGroup;
			children = (
				CEB7762F204AD57200D9BA2B /* Place.swift */,
			);
			path = Model;
			sourceTree = "<group>";
		};
		D7DD4CBE73624DD3FC0A9E33 /* Pods */ = {
			isa = PBXGroup;
			children = (
				FF9C91EE69A7992E8C96EA1D /* Pods-NearMe.debug.xcconfig */,
				4795CA17911E209FC274A156 /* Pods-NearMe.release.xcconfig */,
			);
			name = Pods;
			sourceTree = "<group>";
		};
/* End PBXGroup section */

/* Begin PBXNativeTarget section */
		CEB77611204AD13900D9BA2B /* NearMe */ = {
			isa = PBXNativeTarget;
			buildConfigurationList = CEB77626204AD13900D9BA2B /* Build configuration list for PBXNativeTarget "NearMe" */;
			buildPhases = (
				AE99FEF730EFD69629C447C6 /* [CP] Check Pods Manifest.lock */,
				CEB7760E204AD13900D9BA2B /* Sources */,
				CEB7760F204AD13900D9BA2B /* Frameworks */,
				CEB77610204AD13900D9BA2B /* Resources */,
				AA988E6AD35FA94AD89D54F5 /* [CP] Embed Pods Frameworks */,
				2D9BAAD3657F22A4ABBC5C5A /* [CP] Copy Pods Resources */,
			);
			buildRules = (
			);
			dependencies = (
			);
			name = NearMe;
			productName = NearMe;
			productReference = CEB77612204AD13900D9BA2B /* NearMe.app */;
			productType = "com.apple.product-type.application";
		};
/* End PBXNativeTarget section */

/* Begin PBXProject section */
		CEB7760A204AD13800D9BA2B /* Project object */ = {
			isa = PBXProject;
			attributes = {
				LastSwiftUpdateCheck = 0920;
				LastUpgradeCheck = 0920;
				ORGANIZATIONNAME = SMS;
				TargetAttributes = {
					CEB77611204AD13900D9BA2B = {
						CreatedOnToolsVersion = 9.2;
						ProvisioningStyle = Automatic;
					};
				};
			};
			buildConfigurationList = CEB7760D204AD13800D9BA2B /* Build configuration list for PBXProject "NearMe" */;
			compatibilityVersion = "Xcode 8.0";
			developmentRegion = en;
			hasScannedForEncodings = 0;
			knownRegions = (
				en,
				Base,
			);
			mainGroup = CEB77609204AD13800D9BA2B;
			productRefGroup = CEB77613204AD13900D9BA2B /* Products */;
			projectDirPath = "";
			projectRoot = "";
			targets = (
				CEB77611204AD13900D9BA2B /* NearMe */,
			);
		};
/* End PBXProject section */

/* Begin PBXResourcesBuildPhase section */
		CEB77610204AD13900D9BA2B /* Resources */ = {
			isa = PBXResourcesBuildPhase;
			buildActionMask = 2147483647;
			files = (
				CEB77622204AD13900D9BA2B /* LaunchScreen.storyboard in Resources */,
				CEB7761F204AD13900D9BA2B /* Assets.xcassets in Resources */,
				CEB7761D204AD13900D9BA2B /* Main.storyboard in Resources */,
			);
			runOnlyForDeploymentPostprocessing = 0;
		};
/* End PBXResourcesBuildPhase section */

/* Begin PBXShellScriptBuildPhase section */
		2D9BAAD3657F22A4ABBC5C5A /* [CP] Copy Pods Resources */ = {
			isa = PBXShellScriptBuildPhase;
			buildActionMask = 2147483647;
			files = (
			);
			inputPaths = (
			);
			name = "[CP] Copy Pods Resources";
			outputPaths = (
			);
			runOnlyForDeploymentPostprocessing = 0;
			shellPath = /bin/sh;
			shellScript = "\"${SRCROOT}/Pods/Target Support Files/Pods-NearMe/Pods-NearMe-resources.sh\"\n";
			showEnvVarsInLog = 0;
		};
		AA988E6AD35FA94AD89D54F5 /* [CP] Embed Pods Frameworks */ = {
			isa = PBXShellScriptBuildPhase;
			buildActionMask = 2147483647;
			files = (
			);
			inputPaths = (
				"${SRCROOT}/Pods/Target Support Files/Pods-NearMe/Pods-NearMe-frameworks.sh",
				"${BUILT_PRODUCTS_DIR}/Alamofire/Alamofire.framework",
				"${BUILT_PRODUCTS_DIR}/AlamofireImage/AlamofireImage.framework",
			);
			name = "[CP] Embed Pods Frameworks";
			outputPaths = (
				"${TARGET_BUILD_DIR}/${FRAMEWORKS_FOLDER_PATH}/Alamofire.framework",
				"${TARGET_BUILD_DIR}/${FRAMEWORKS_FOLDER_PATH}/AlamofireImage.framework",
			);
			runOnlyForDeploymentPostprocessing = 0;
			shellPath = /bin/sh;
			shellScript = "\"${SRCROOT}/Pods/Target Support Files/Pods-NearMe/Pods-NearMe-frameworks.sh\"\n";
			showEnvVarsInLog = 0;
		};
		AE99FEF730EFD69629C447C6 /* [CP] Check Pods Manifest.lock */ = {
			isa = PBXShellScriptBuildPhase;
			buildActionMask = 2147483647;
			files = (
			);
			inputPaths = (
				"${PODS_PODFILE_DIR_PATH}/Podfile.lock",
				"${PODS_ROOT}/Manifest.lock",
			);
			name = "[CP] Check Pods Manifest.lock";
			outputPaths = (
				"$(DERIVED_FILE_DIR)/Pods-NearMe-checkManifestLockResult.txt",
			);
			runOnlyForDeploymentPostprocessing = 0;
			shellPath = /bin/sh;
			shellScript = "diff \"${PODS_PODFILE_DIR_PATH}/Podfile.lock\" \"${PODS_ROOT}/Manifest.lock\" > /dev/null\nif [ $? != 0 ] ; then\n    # print error to STDERR\n    echo \"error: The sandbox is not in sync with the Podfile.lock. Run 'pod install' or update your CocoaPods installation.\" >&2\n    exit 1\nfi\n# This output is used by Xcode 'outputs' to avoid re-running this script phase.\necho \"SUCCESS\" > \"${SCRIPT_OUTPUT_FILE_0}\"\n";
			showEnvVarsInLog = 0;
		};
/* End PBXShellScriptBuildPhase section */

/* Begin PBXSourcesBuildPhase section */
		CEB7760E204AD13900D9BA2B /* Sources */ = {
			isa = PBXSourcesBuildPhase;
			buildActionMask = 2147483647;
			files = (
				CEA34C18204E650D00C16AD5 /* Facade.swift in Sources */,
				CE78DE02204B022900609525 /* Constants.swift in Sources */,
				CEB7761A204AD13900D9BA2B /* PlaceOnMapViewController.swift in Sources */,
				CEB77618204AD13900D9BA2B /* PlacesNearMeViewController.swift in Sources */,
				CEA34C14204E64F200C16AD5 /* NetworkManager.swift in Sources */,
				CEA34C16204E650000C16AD5 /* LocationManager.swift in Sources */,
				CEB77616204AD13900D9BA2B /* AppDelegate.swift in Sources */,
				CEB77630204AD57200D9BA2B /* Place.swift in Sources */,
				CE78DE04204B0A3200609525 /* PlaceTableViewCell.swift in Sources */,
			);
			runOnlyForDeploymentPostprocessing = 0;
		};
/* End PBXSourcesBuildPhase section */

/* Begin PBXVariantGroup section */
		CEB7761B204AD13900D9BA2B /* Main.storyboard */ = {
			isa = PBXVariantGroup;
			children = (
				CEB7761C204AD13900D9BA2B /* Base */,
			);
			name = Main.storyboard;
			sourceTree = "<group>";
		};
		CEB77620204AD13900D9BA2B /* LaunchScreen.storyboard */ = {
			isa = PBXVariantGroup;
			children = (
				CEB77621204AD13900D9BA2B /* Base */,
			);
			name = LaunchScreen.storyboard;
			sourceTree = "<group>";
		};
/* End PBXVariantGroup section */

/* Begin XCBuildConfiguration section */
		CEB77624204AD13900D9BA2B /* Debug */ = {
			isa = XCBuildConfiguration;
			buildSettings = {
				ALWAYS_SEARCH_USER_PATHS = NO;
				CLANG_ANALYZER_NONNULL = YES;
				CLANG_ANALYZER_NUMBER_OBJECT_CONVERSION = YES_AGGRESSIVE;
				CLANG_CXX_LANGUAGE_STANDARD = "gnu++14";
				CLANG_CXX_LIBRARY = "libc++";
				CLANG_ENABLE_MODULES = YES;
				CLANG_ENABLE_OBJC_ARC = YES;
				CLANG_WARN_BLOCK_CAPTURE_AUTORELEASING = YES;
				CLANG_WARN_BOOL_CONVERSION = YES;
				CLANG_WARN_COMMA = YES;
				CLANG_WARN_CONSTANT_CONVERSION = YES;
				CLANG_WARN_DIRECT_OBJC_ISA_USAGE = YES_ERROR;
				CLANG_WARN_DOCUMENTATION_COMMENTS = YES;
				CLANG_WARN_EMPTY_BODY = YES;
				CLANG_WARN_ENUM_CONVERSION = YES;
				CLANG_WARN_INFINITE_RECURSION = YES;
				CLANG_WARN_INT_CONVERSION = YES;
				CLANG_WARN_NON_LITERAL_NULL_CONVERSION = YES;
				CLANG_WARN_OBJC_LITERAL_CONVERSION = YES;
				CLANG_WARN_OBJC_ROOT_CLASS = YES_ERROR;
				CLANG_WARN_RANGE_LOOP_ANALYSIS = YES;
				CLANG_WARN_STRICT_PROTOTYPES = YES;
				CLANG_WARN_SUSPICIOUS_MOVE = YES;
				CLANG_WARN_UNGUARDED_AVAILABILITY = YES_AGGRESSIVE;
				CLANG_WARN_UNREACHABLE_CODE = YES;
				CLANG_WARN__DUPLICATE_METHOD_MATCH = YES;
				CODE_SIGN_IDENTITY = "iPhone Developer";
				COPY_PHASE_STRIP = NO;
				DEBUG_INFORMATION_FORMAT = dwarf;
				ENABLE_STRICT_OBJC_MSGSEND = YES;
				ENABLE_TESTABILITY = YES;
				GCC_C_LANGUAGE_STANDARD = gnu11;
				GCC_DYNAMIC_NO_PIC = NO;
				GCC_NO_COMMON_BLOCKS = YES;
				GCC_OPTIMIZATION_LEVEL = 0;
				GCC_PREPROCESSOR_DEFINITIONS = (
					"DEBUG=1",
					"$(inherited)",
				);
				GCC_WARN_64_TO_32_BIT_CONVERSION = YES;
				GCC_WARN_ABOUT_RETURN_TYPE = YES_ERROR;
				GCC_WARN_UNDECLARED_SELECTOR = YES;
				GCC_WARN_UNINITIALIZED_AUTOS = YES_AGGRESSIVE;
				GCC_WARN_UNUSED_FUNCTION = YES;
				GCC_WARN_UNUSED_VARIABLE = YES;
				IPHONEOS_DEPLOYMENT_TARGET = 11.2;
				MTL_ENABLE_DEBUG_INFO = YES;
				ONLY_ACTIVE_ARCH = YES;
				SDKROOT = iphoneos;
				SWIFT_ACTIVE_COMPILATION_CONDITIONS = DEBUG;
				SWIFT_OPTIMIZATION_LEVEL = "-Onone";
			};
			name = Debug;
		};
		CEB77625204AD13900D9BA2B /* Release */ = {
			isa = XCBuildConfiguration;
			buildSettings = {
				ALWAYS_SEARCH_USER_PATHS = NO;
				CLANG_ANALYZER_NONNULL = YES;
				CLANG_ANALYZER_NUMBER_OBJECT_CONVERSION = YES_AGGRESSIVE;
				CLANG_CXX_LANGUAGE_STANDARD = "gnu++14";
				CLANG_CXX_LIBRARY = "libc++";
				CLANG_ENABLE_MODULES = YES;
				CLANG_ENABLE_OBJC_ARC = YES;
				CLANG_WARN_BLOCK_CAPTURE_AUTORELEASING = YES;
				CLANG_WARN_BOOL_CONVERSION = YES;
				CLANG_WARN_COMMA = YES;
				CLANG_WARN_CONSTANT_CONVERSION = YES;
				CLANG_WARN_DIRECT_OBJC_ISA_USAGE = YES_ERROR;
				CLANG_WARN_DOCUMENTATION_COMMENTS = YES;
				CLANG_WARN_EMPTY_BODY = YES;
				CLANG_WARN_ENUM_CONVERSION = YES;
				CLANG_WARN_INFINITE_RECURSION = YES;
				CLANG_WARN_INT_CONVERSION = YES;
				CLANG_WARN_NON_LITERAL_NULL_CONVERSION = YES;
				CLANG_WARN_OBJC_LITERAL_CONVERSION = YES;
				CLANG_WARN_OBJC_ROOT_CLASS = YES_ERROR;
				CLANG_WARN_RANGE_LOOP_ANALYSIS = YES;
				CLANG_WARN_STRICT_PROTOTYPES = YES;
				CLANG_WARN_SUSPICIOUS_MOVE = YES;
				CLANG_WARN_UNGUARDED_AVAILABILITY = YES_AGGRESSIVE;
				CLANG_WARN_UNREACHABLE_CODE = YES;
				CLANG_WARN__DUPLICATE_METHOD_MATCH = YES;
				CODE_SIGN_IDENTITY = "iPhone Developer";
				COPY_PHASE_STRIP = NO;
				DEBUG_INFORMATION_FORMAT = "dwarf-with-dsym";
				ENABLE_NS_ASSERTIONS = NO;
				ENABLE_STRICT_OBJC_MSGSEND = YES;
				GCC_C_LANGUAGE_STANDARD = gnu11;
				GCC_NO_COMMON_BLOCKS = YES;
				GCC_WARN_64_TO_32_BIT_CONVERSION = YES;
				GCC_WARN_ABOUT_RETURN_TYPE = YES_ERROR;
				GCC_WARN_UNDECLARED_SELECTOR = YES;
				GCC_WARN_UNINITIALIZED_AUTOS = YES_AGGRESSIVE;
				GCC_WARN_UNUSED_FUNCTION = YES;
				GCC_WARN_UNUSED_VARIABLE = YES;
				IPHONEOS_DEPLOYMENT_TARGET = 11.2;
				MTL_ENABLE_DEBUG_INFO = NO;
				SDKROOT = iphoneos;
				SWIFT_OPTIMIZATION_LEVEL = "-Owholemodule";
				VALIDATE_PRODUCT = YES;
			};
			name = Release;
		};
		CEB77627204AD13900D9BA2B /* Debug */ = {
			isa = XCBuildConfiguration;
			baseConfigurationReference = FF9C91EE69A7992E8C96EA1D /* Pods-NearMe.debug.xcconfig */;
			buildSettings = {
				ASSETCATALOG_COMPILER_APPICON_NAME = AppIcon;
				CODE_SIGN_STYLE = Automatic;
				INFOPLIST_FILE = "NearMe/Supporting Files/Info.plist";
				LD_RUNPATH_SEARCH_PATHS = "$(inherited) @executable_path/Frameworks";
				PRODUCT_BUNDLE_IDENTIFIER = com.sms.NearMe;
				PRODUCT_NAME = "$(TARGET_NAME)";
				SWIFT_VERSION = 4.0;
				TARGETED_DEVICE_FAMILY = "1,2";
			};
			name = Debug;
		};
		CEB77628204AD13900D9BA2B /* Release */ = {
			isa = XCBuildConfiguration;
			baseConfigurationReference = 4795CA17911E209FC274A156 /* Pods-NearMe.release.xcconfig */;
			buildSettings = {
				ASSETCATALOG_COMPILER_APPICON_NAME = AppIcon;
				CODE_SIGN_STYLE = Automatic;
				INFOPLIST_FILE = "NearMe/Supporting Files/Info.plist";
				LD_RUNPATH_SEARCH_PATHS = "$(inherited) @executable_path/Frameworks";
				PRODUCT_BUNDLE_IDENTIFIER = com.sms.NearMe;
				PRODUCT_NAME = "$(TARGET_NAME)";
				SWIFT_VERSION = 4.0;
				TARGETED_DEVICE_FAMILY = "1,2";
			};
			name = Release;
		};
/* End XCBuildConfiguration section */

/* Begin XCConfigurationList section */
		CEB7760D204AD13800D9BA2B /* Build configuration list for PBXProject "NearMe" */ = {
			isa = XCConfigurationList;
			buildConfigurations = (
				CEB77624204AD13900D9BA2B /* Debug */,
				CEB77625204AD13900D9BA2B /* Release */,
			);
			defaultConfigurationIsVisible = 0;
			defaultConfigurationName = Release;
		};
		CEB77626204AD13900D9BA2B /* Build configuration list for PBXNativeTarget "NearMe" */ = {
			isa = XCConfigurationList;
			buildConfigurations = (
				CEB77627204AD13900D9BA2B /* Debug */,
				CEB77628204AD13900D9BA2B /* Release */,
			);
			defaultConfigurationIsVisible = 0;
			defaultConfigurationName = Release;
		};
/* End XCConfigurationList section */
	};
	rootObject = CEB7760A204AD13800D9BA2B /* Project object */;
}
